
Microsoft Visual Studio Solution File, Format Version 12.00
# Visual Studio 15
VisualStudioVersion = 15.0.27428.2011
MinimumVisualStudioVersion = 10.0.40219.1
Project("{FAE04EC0-301F-11D3-BF4B-00C04F79EFBC}") = "Ogamat.AuditProvider", "Ogamat.AuditProvider\Ogamat.AuditProvider.csproj", "{D5AAE54F-5C04-4C4D-86E6-78558861D9FA}"
EndProject
Project("{FAE04EC0-301F-11D3-BF4B-00C04F79EFBC}") = "Ogamat.AuditProvider.Examples", "Ogamat.AuditProvider.Examples\Ogamat.AuditProvider.Examples.csproj", "{CE037546-F6C3-4D34-A083-A0A879863F70}"
EndProject
Global
	GlobalSection(SolutionConfigurationPlatforms) = preSolution
		Debug|Any CPU = Debug|Any CPU
		Release|Any CPU = Release|Any CPU
	EndGlobalSection
	GlobalSection(ProjectConfigurationPlatforms) = postSolution
		{D5AAE54F-5C04-4C4D-86E6-78558861D9FA}.Debug|Any CPU.ActiveCfg = Debug|Any CPU
		{D5AAE54F-5C04-4C4D-86E6-78558861D9FA}.Debug|Any CPU.Build.0 = Debug|Any CPU
		{D5AAE54F-5C04-4C4D-86E6-78558861D9FA}.Release|Any CPU.ActiveCfg = Release|Any CPU
		{D5AAE54F-5C04-4C4D-86E6-78558861D9FA}.Release|Any CPU.Build.0 = Release|Any CPU
		{CE037546-F6C3-4D34-A083-A0A879863F70}.Debug|Any CPU.ActiveCfg = Debug|Any CPU
		{CE037546-F6C3-4D34-A083-A0A879863F70}.Debug|Any CPU.Build.0 = Debug|Any CPU
		{CE037546-F6C3-4D34-A083-A0A879863F70}.Release|Any CPU.ActiveCfg = Release|Any CPU
		{CE037546-F6C3-4D34-A083-A0A879863F70}.Release|Any CPU.Build.0 = Release|Any CPU
	EndGlobalSection
	GlobalSection(SolutionProperties) = preSolution
		HideSolutionNode = FALSE
	EndGlobalSection
	GlobalSection(ExtensibilityGlobals) = postSolution
		SolutionGuid = {D0551EEC-9C5E-4359-914D-7CA9EBB297CE}
	EndGlobalSection
EndGlobal
